
Microsoft Visual Studio Solution File, Format Version 12.00
# Visual Studio 2012
Project("{FAE04EC0-301F-11D3-BF4B-00C04F79EFBC}") = "Calculator1", "Calculator1\Calculator1.csproj", "{73790583-1BFC-4F57-9AE3-1E07BBC100C6}"
EndProject
Global
	GlobalSection(SolutionConfigurationPlatforms) = preSolution
		Debug|x86 = Debug|x86
		Release|x86 = Release|x86
	EndGlobalSection
	GlobalSection(ProjectConfigurationPlatforms) = postSolution
		{73790583-1BFC-4F57-9AE3-1E07BBC100C6}.Debug|x86.ActiveCfg = Debug|x86
		{73790583-1BFC-4F57-9AE3-1E07BBC100C6}.Debug|x86.Build.0 = Debug|x86
		{73790583-1BFC-4F57-9AE3-1E07BBC100C6}.Release|x86.ActiveCfg = Release|x86
		{73790583-1BFC-4F57-9AE3-1E07BBC100C6}.Release|x86.Build.0 = Release|x86
	EndGlobalSection
EndGlobal
